
Microsoft Visual Studio Solution File, Format Version 12.00
# Visual Studio 15
VisualStudioVersion = 15.0.27130.2026
MinimumVisualStudioVersion = 10.0.40219.1
Project("{FAE04EC0-301F-11D3-BF4B-00C04F79EFBC}") = "ContactAppApi", "ContactAppApi\ContactAppApi.csproj", "{427A719C-F94D-4010-B461-AEB5F7873FDD}"
EndProject
Project("{FAE04EC0-301F-11D3-BF4B-00C04F79EFBC}") = "ContactAppApi.Tests", "ContactAppApi.Tests\ContactAppApi.Tests.csproj", "{F5481D8D-D68F-4E11-B872-27C42D05DDCC}"
EndProject
Global
	GlobalSection(SolutionConfigurationPlatforms) = preSolution
		Debug|Any CPU = Debug|Any CPU
		Release|Any CPU = Release|Any CPU
	EndGlobalSection
	GlobalSection(ProjectConfigurationPlatforms) = postSolution
		{427A719C-F94D-4010-B461-AEB5F7873FDD}.Debug|Any CPU.ActiveCfg = Debug|Any CPU
		{427A719C-F94D-4010-B461-AEB5F7873FDD}.Debug|Any CPU.Build.0 = Debug|Any CPU
		{427A719C-F94D-4010-B461-AEB5F7873FDD}.Release|Any CPU.ActiveCfg = Release|Any CPU
		{427A719C-F94D-4010-B461-AEB5F7873FDD}.Release|Any CPU.Build.0 = Release|Any CPU
		{F5481D8D-D68F-4E11-B872-27C42D05DDCC}.Debug|Any CPU.ActiveCfg = Debug|Any CPU
		{F5481D8D-D68F-4E11-B872-27C42D05DDCC}.Debug|Any CPU.Build.0 = Debug|Any CPU
		{F5481D8D-D68F-4E11-B872-27C42D05DDCC}.Release|Any CPU.ActiveCfg = Release|Any CPU
		{F5481D8D-D68F-4E11-B872-27C42D05DDCC}.Release|Any CPU.Build.0 = Release|Any CPU
	EndGlobalSection
	GlobalSection(SolutionProperties) = preSolution
		HideSolutionNode = FALSE
	EndGlobalSection
	GlobalSection(ExtensibilityGlobals) = postSolution
		SolutionGuid = {0F8BFB19-7FD8-4B3B-A97D-3BA7E92C32AD}
	EndGlobalSection
EndGlobal
